
Microsoft Visual Studio Solution File, Format Version 12.00
# Visual Studio Version 16
VisualStudioVersion = 16.0.29519.181
MinimumVisualStudioVersion = 10.0.40219.1
Project("{2150E333-8FDC-42A3-9474-1A3956D46DE8}") = "WorkFlow", "WorkFlow", "{ED97EEA4-1AE8-41C8-9085-15FB907F3C94}"
EndProject
Project("{FAE04EC0-301F-11D3-BF4B-00C04F79EFBC}") = "JasonWfDesigner.WPF", "7. WorkFlow\JasonWfDeginer.WPF\JasonWfDesigner.WPF.csproj", "{7675F82E-1D45-4823-AE92-83548ED9576E}"
EndProject
Project("{FAE04EC0-301F-11D3-BF4B-00C04F79EFBC}") = "JasonWfDesigner.Core", "7. WorkFlow\JasonWfDeginer.Core\JasonWfDesigner.Core.csproj", "{74872A86-6809-476B-95AB-6F3512317059}"
EndProject
Project("{FAE04EC0-301F-11D3-BF4B-00C04F79EFBC}") = "JasonWfDesigner.Common", "7. WorkFlow\JasonWfDeginer.Common\JasonWfDesigner.Common.csproj", "{91AD5A26-30A4-438C-B4F0-D0DCF92140A9}"
EndProject
Project("{2150E333-8FDC-42A3-9474-1A3956D46DE8}") = "Solution Items", "Solution Items", "{4218C4ED-F119-4A56-805E-5515103B4505}"
	ProjectSection(SolutionItems) = preProject
		readme.md = readme.md
	EndProjectSection
EndProject
Global
	GlobalSection(SolutionConfigurationPlatforms) = preSolution
		Debug|Any CPU = Debug|Any CPU
		Debug|x64 = Debug|x64
		Debug|x86 = Debug|x86
		Release|Any CPU = Release|Any CPU
		Release|x64 = Release|x64
		Release|x86 = Release|x86
	EndGlobalSection
	GlobalSection(ProjectConfigurationPlatforms) = postSolution
		{7675F82E-1D45-4823-AE92-83548ED9576E}.Debug|Any CPU.ActiveCfg = Debug|Any CPU
		{7675F82E-1D45-4823-AE92-83548ED9576E}.Debug|Any CPU.Build.0 = Debug|Any CPU
		{7675F82E-1D45-4823-AE92-83548ED9576E}.Debug|x64.ActiveCfg = Debug|x64
		{7675F82E-1D45-4823-AE92-83548ED9576E}.Debug|x64.Build.0 = Debug|x64
		{7675F82E-1D45-4823-AE92-83548ED9576E}.Debug|x86.ActiveCfg = Debug|x86
		{7675F82E-1D45-4823-AE92-83548ED9576E}.Debug|x86.Build.0 = Debug|x86
		{7675F82E-1D45-4823-AE92-83548ED9576E}.Release|Any CPU.ActiveCfg = Release|Any CPU
		{7675F82E-1D45-4823-AE92-83548ED9576E}.Release|Any CPU.Build.0 = Release|Any CPU
		{7675F82E-1D45-4823-AE92-83548ED9576E}.Release|x64.ActiveCfg = Release|x64
		{7675F82E-1D45-4823-AE92-83548ED9576E}.Release|x64.Build.0 = Release|x64
		{7675F82E-1D45-4823-AE92-83548ED9576E}.Release|x86.ActiveCfg = Release|x86
		{7675F82E-1D45-4823-AE92-83548ED9576E}.Release|x86.Build.0 = Release|x86
		{74872A86-6809-476B-95AB-6F3512317059}.Debug|Any CPU.ActiveCfg = Debug|Any CPU
		{74872A86-6809-476B-95AB-6F3512317059}.Debug|Any CPU.Build.0 = Debug|Any CPU
		{74872A86-6809-476B-95AB-6F3512317059}.Debug|x64.ActiveCfg = Debug|Any CPU
		{74872A86-6809-476B-95AB-6F3512317059}.Debug|x64.Build.0 = Debug|Any CPU
		{74872A86-6809-476B-95AB-6F3512317059}.Debug|x86.ActiveCfg = Debug|Any CPU
		{74872A86-6809-476B-95AB-6F3512317059}.Debug|x86.Build.0 = Debug|Any CPU
		{74872A86-6809-476B-95AB-6F3512317059}.Release|Any CPU.ActiveCfg = Release|Any CPU
		{74872A86-6809-476B-95AB-6F3512317059}.Release|Any CPU.Build.0 = Release|Any CPU
		{74872A86-6809-476B-95AB-6F3512317059}.Release|x64.ActiveCfg = Release|Any CPU
		{74872A86-6809-476B-95AB-6F3512317059}.Release|x64.Build.0 = Release|Any CPU
		{74872A86-6809-476B-95AB-6F3512317059}.Release|x86.ActiveCfg = Release|Any CPU
		{74872A86-6809-476B-95AB-6F3512317059}.Release|x86.Build.0 = Release|Any CPU
		{91AD5A26-30A4-438C-B4F0-D0DCF92140A9}.Debug|Any CPU.ActiveCfg = Debug|Any CPU
		{91AD5A26-30A4-438C-B4F0-D0DCF92140A9}.Debug|Any CPU.Build.0 = Debug|Any CPU
		{91AD5A26-30A4-438C-B4F0-D0DCF92140A9}.Debug|x64.ActiveCfg = Debug|Any CPU
		{91AD5A26-30A4-438C-B4F0-D0DCF92140A9}.Debug|x64.Build.0 = Debug|Any CPU
		{91AD5A26-30A4-438C-B4F0-D0DCF92140A9}.Debug|x86.ActiveCfg = Debug|Any CPU
		{91AD5A26-30A4-438C-B4F0-D0DCF92140A9}.Debug|x86.Build.0 = Debug|Any CPU
		{91AD5A26-30A4-438C-B4F0-D0DCF92140A9}.Release|Any CPU.ActiveCfg = Release|Any CPU
		{91AD5A26-30A4-438C-B4F0-D0DCF92140A9}.Release|Any CPU.Build.0 = Release|Any CPU
		{91AD5A26-30A4-438C-B4F0-D0DCF92140A9}.Release|x64.ActiveCfg = Release|Any CPU
		{91AD5A26-30A4-438C-B4F0-D0DCF92140A9}.Release|x64.Build.0 = Release|Any CPU
		{91AD5A26-30A4-438C-B4F0-D0DCF92140A9}.Release|x86.ActiveCfg = Release|Any CPU
		{91AD5A26-30A4-438C-B4F0-D0DCF92140A9}.Release|x86.Build.0 = Release|Any CPU
	EndGlobalSection
	GlobalSection(SolutionProperties) = preSolution
		HideSolutionNode = FALSE
	EndGlobalSection
	GlobalSection(NestedProjects) = preSolution
		{7675F82E-1D45-4823-AE92-83548ED9576E} = {ED97EEA4-1AE8-41C8-9085-15FB907F3C94}
		{74872A86-6809-476B-95AB-6F3512317059} = {ED97EEA4-1AE8-41C8-9085-15FB907F3C94}
		{91AD5A26-30A4-438C-B4F0-D0DCF92140A9} = {ED97EEA4-1AE8-41C8-9085-15FB907F3C94}
	EndGlobalSection
	GlobalSection(ExtensibilityGlobals) = postSolution
		SolutionGuid = {AA579A05-0999-4DA7-9ABD-864C678D8F60}
	EndGlobalSection
EndGlobal
